
Microsoft Visual Studio Solution File, Format Version 12.00
# Visual Studio Version 17
VisualStudioVersion = 17.14.36518.9 d17.14
MinimumVisualStudioVersion = 10.0.40219.1
Project("{FAE04EC0-301F-11D3-BF4B-00C04F79EFBC}") = "Motivational Timer", "Motivational Timer\Motivational Timer.csproj", "{76E6810A-B934-4CE0-964D-C4F6C69EBECB}"
EndProject
Global
	GlobalSection(SolutionConfigurationPlatforms) = preSolution
		Debug|Any CPU = Debug|Any CPU
		Release|Any CPU = Release|Any CPU
	EndGlobalSection
	GlobalSection(ProjectConfigurationPlatforms) = postSolution
		{76E6810A-B934-4CE0-964D-C4F6C69EBECB}.Debug|Any CPU.ActiveCfg = Debug|Any CPU
		{76E6810A-B934-4CE0-964D-C4F6C69EBECB}.Debug|Any CPU.Build.0 = Debug|Any CPU
		{76E6810A-B934-4CE0-964D-C4F6C69EBECB}.Release|Any CPU.ActiveCfg = Release|Any CPU
		{76E6810A-B934-4CE0-964D-C4F6C69EBECB}.Release|Any CPU.Build.0 = Release|Any CPU
	EndGlobalSection
	GlobalSection(SolutionProperties) = preSolution
		HideSolutionNode = FALSE
	EndGlobalSection
	GlobalSection(ExtensibilityGlobals) = postSolution
		SolutionGuid = {874DF65D-625C-420E-B555-F0F12554B3EA}
	EndGlobalSection
EndGlobal
